
Microsoft Visual Studio Solution File, Format Version 12.00
# Visual Studio 15
VisualStudioVersion = 15.0.28307.572
MinimumVisualStudioVersion = 10.0.40219.1
Project("{FAE04EC0-301F-11D3-BF4B-00C04F79EFBC}") = "CardioanalisiLibrary", "CardioanalisiLibrary\CardioanalisiLibrary.csproj", "{80ED405A-F778-4019-9EA0-C0BBB71BB173}"
EndProject
Project("{FAE04EC0-301F-11D3-BF4B-00C04F79EFBC}") = "DataCardio.Test", "DataCardio.Test\DataCardio.Test.csproj", "{CBF875B7-0A39-4EC6-AE2F-FBA2A364F8F5}"
EndProject
Global
	GlobalSection(SolutionConfigurationPlatforms) = preSolution
		Debug|Any CPU = Debug|Any CPU
		Release|Any CPU = Release|Any CPU
	EndGlobalSection
	GlobalSection(ProjectConfigurationPlatforms) = postSolution
		{80ED405A-F778-4019-9EA0-C0BBB71BB173}.Debug|Any CPU.ActiveCfg = Debug|Any CPU
		{80ED405A-F778-4019-9EA0-C0BBB71BB173}.Debug|Any CPU.Build.0 = Debug|Any CPU
		{80ED405A-F778-4019-9EA0-C0BBB71BB173}.Release|Any CPU.ActiveCfg = Release|Any CPU
		{80ED405A-F778-4019-9EA0-C0BBB71BB173}.Release|Any CPU.Build.0 = Release|Any CPU
		{CBF875B7-0A39-4EC6-AE2F-FBA2A364F8F5}.Debug|Any CPU.ActiveCfg = Debug|Any CPU
		{CBF875B7-0A39-4EC6-AE2F-FBA2A364F8F5}.Debug|Any CPU.Build.0 = Debug|Any CPU
		{CBF875B7-0A39-4EC6-AE2F-FBA2A364F8F5}.Release|Any CPU.ActiveCfg = Release|Any CPU
		{CBF875B7-0A39-4EC6-AE2F-FBA2A364F8F5}.Release|Any CPU.Build.0 = Release|Any CPU
	EndGlobalSection
	GlobalSection(SolutionProperties) = preSolution
		HideSolutionNode = FALSE
	EndGlobalSection
	GlobalSection(ExtensibilityGlobals) = postSolution
		SolutionGuid = {17FBC721-E841-46B1-AA61-FC89637FDE0F}
	EndGlobalSection
EndGlobal
